
Microsoft Visual Studio Solution File, Format Version 12.00
# Visual Studio Version 17
VisualStudioVersion = 17.5.002.0
MinimumVisualStudioVersion = 10.0.40219.1
Project("{9A19103F-16F7-4668-BE54-9A1E7A4F7556}") = "api", "api\api.csproj", "{FD1B9EA3-B004-4A42-91BC-706CEFBF0558}"
EndProject
Global
	GlobalSection(SolutionConfigurationPlatforms) = preSolution
		Debug|Any CPU = Debug|Any CPU
		Release|Any CPU = Release|Any CPU
	EndGlobalSection
	GlobalSection(ProjectConfigurationPlatforms) = postSolution
		{FD1B9EA3-B004-4A42-91BC-706CEFBF0558}.Debug|Any CPU.ActiveCfg = Debug|Any CPU
		{FD1B9EA3-B004-4A42-91BC-706CEFBF0558}.Debug|Any CPU.Build.0 = Debug|Any CPU
		{FD1B9EA3-B004-4A42-91BC-706CEFBF0558}.Release|Any CPU.ActiveCfg = Release|Any CPU
		{FD1B9EA3-B004-4A42-91BC-706CEFBF0558}.Release|Any CPU.Build.0 = Release|Any CPU
	EndGlobalSection
	GlobalSection(SolutionProperties) = preSolution
		HideSolutionNode = FALSE
	EndGlobalSection
	GlobalSection(ExtensibilityGlobals) = postSolution
		SolutionGuid = {2F20862E-ADE3-463D-B861-4BD04919F280}
	EndGlobalSection
EndGlobal
